<Solution>
  <Folder Name="/samples/">
    <Project Path="samples/Cloudflare.FerryQueue.Sample.Consumer/Cloudflare.FerryQueue.Sample.Consumer.csproj" />
    <Project Path="samples/Cloudflare.FerryQueue.Sample.Producer/Cloudflare.FerryQueue.Sample.Producer.csproj" />
  </Folder>
  <Folder Name="/src/">
    <Project Path="src/Cloudflare.FerryQueue/Cloudflare.FerryQueue.csproj" />
  </Folder>
  <Folder Name="/tests/">
    <Project Path="tests/Cloudflare.FerryQueue.Tests/Cloudflare.FerryQueue.Tests.csproj" />
  </Folder>
</Solution>
